
Microsoft Visual Studio Solution File, Format Version 12.00
# Visual Studio 15
VisualStudioVersion = 15.0.28307.421
MinimumVisualStudioVersion = 10.0.40219.1
Project("{FAE04EC0-301F-11D3-BF4B-00C04F79EFBC}") = "LAB1", "LAB1\LAB1.csproj", "{D607F024-650D-4F21-90D9-7013BD962840}"
EndProject
Global
	GlobalSection(SolutionConfigurationPlatforms) = preSolution
		Debug|Any CPU = Debug|Any CPU
		Release|Any CPU = Release|Any CPU
	EndGlobalSection
	GlobalSection(ProjectConfigurationPlatforms) = postSolution
		{D607F024-650D-4F21-90D9-7013BD962840}.Debug|Any CPU.ActiveCfg = Debug|Any CPU
		{D607F024-650D-4F21-90D9-7013BD962840}.Debug|Any CPU.Build.0 = Debug|Any CPU
		{D607F024-650D-4F21-90D9-7013BD962840}.Release|Any CPU.ActiveCfg = Release|Any CPU
		{D607F024-650D-4F21-90D9-7013BD962840}.Release|Any CPU.Build.0 = Release|Any CPU
	EndGlobalSection
	GlobalSection(SolutionProperties) = preSolution
		HideSolutionNode = FALSE
	EndGlobalSection
	GlobalSection(ExtensibilityGlobals) = postSolution
		SolutionGuid = {8F880D35-E2AA-4952-9AFE-81C52D1A08B1}
	EndGlobalSection
EndGlobal
